
Microsoft Visual Studio Solution File, Format Version 12.00
# Visual Studio Version 17
VisualStudioVersion = 17.9.34518.117
MinimumVisualStudioVersion = 10.0.40219.1
Project("{FAE04EC0-301F-11D3-BF4B-00C04F79EFBC}") = "MinhHoc", "MinhHoc\MinhHoc.csproj", "{B5F70F27-7264-42F0-8175-639A982344EB}"
EndProject
Global
	GlobalSection(SolutionConfigurationPlatforms) = preSolution
		Debug|Any CPU = Debug|Any CPU
		Release|Any CPU = Release|Any CPU
	EndGlobalSection
	GlobalSection(ProjectConfigurationPlatforms) = postSolution
		{B5F70F27-7264-42F0-8175-639A982344EB}.Debug|Any CPU.ActiveCfg = Debug|Any CPU
		{B5F70F27-7264-42F0-8175-639A982344EB}.Debug|Any CPU.Build.0 = Debug|Any CPU
		{B5F70F27-7264-42F0-8175-639A982344EB}.Release|Any CPU.ActiveCfg = Release|Any CPU
		{B5F70F27-7264-42F0-8175-639A982344EB}.Release|Any CPU.Build.0 = Release|Any CPU
	EndGlobalSection
	GlobalSection(SolutionProperties) = preSolution
		HideSolutionNode = FALSE
	EndGlobalSection
	GlobalSection(ExtensibilityGlobals) = postSolution
		SolutionGuid = {EEA6F3B4-317C-4EC9-8759-58FD856E7C21}
	EndGlobalSection
EndGlobal
